
Microsoft Visual Studio Solution File, Format Version 12.00
# Visual Studio 15
VisualStudioVersion = 15.0.28307.1062
MinimumVisualStudioVersion = 10.0.40219.1
Project("{FAE04EC0-301F-11D3-BF4B-00C04F79EFBC}") = "Composição exer 1", "Composição exer 1.csproj", "{FD104B6E-2444-44EC-8C11-752ACF7218E6}"
EndProject
Global
	GlobalSection(SolutionConfigurationPlatforms) = preSolution
		Debug|Any CPU = Debug|Any CPU
		Release|Any CPU = Release|Any CPU
	EndGlobalSection
	GlobalSection(ProjectConfigurationPlatforms) = postSolution
		{FD104B6E-2444-44EC-8C11-752ACF7218E6}.Debug|Any CPU.ActiveCfg = Debug|Any CPU
		{FD104B6E-2444-44EC-8C11-752ACF7218E6}.Debug|Any CPU.Build.0 = Debug|Any CPU
		{FD104B6E-2444-44EC-8C11-752ACF7218E6}.Release|Any CPU.ActiveCfg = Release|Any CPU
		{FD104B6E-2444-44EC-8C11-752ACF7218E6}.Release|Any CPU.Build.0 = Release|Any CPU
	EndGlobalSection
	GlobalSection(SolutionProperties) = preSolution
		HideSolutionNode = FALSE
	EndGlobalSection
	GlobalSection(ExtensibilityGlobals) = postSolution
		SolutionGuid = {FE2C47B0-7EBE-4FA1-A683-3308EEEBE477}
	EndGlobalSection
EndGlobal
